
Microsoft Visual Studio Solution File, Format Version 12.00
# Visual Studio Version 17
VisualStudioVersion = 17.4.33205.214
MinimumVisualStudioVersion = 10.0.40219.1
Project("{2150E333-8FDC-42A3-9474-1A3956D46DE8}") = "src", "src", "{211298F6-CFF3-4150-AA15-309F9DAFAAC4}"
EndProject
Project("{2150E333-8FDC-42A3-9474-1A3956D46DE8}") = "CQRS-ES", "CQRS-ES", "{F7B2C4C4-B621-49B9-844F-5F43E54C6276}"
EndProject
Project("{2150E333-8FDC-42A3-9474-1A3956D46DE8}") = "SM-POST", "SM-POST", "{8179320C-8D89-49F4-A105-FB0656FF4310}"
EndProject
Project("{2150E333-8FDC-42A3-9474-1A3956D46DE8}") = "POST.CMD", "POST.CMD", "{9D2FC93A-6A5E-49E3-834B-E81A56080753}"
EndProject
Project("{2150E333-8FDC-42A3-9474-1A3956D46DE8}") = "POST.QUERY", "POST.QUERY", "{E8F6D5EA-7147-4004-A4F1-9251BC559CF1}"
EndProject
Project("{9A19103F-16F7-4668-BE54-9A1E7A4F7556}") = "CQRS.Core", "src\CQRS-ES\CQRS.Core\CQRS.Core.csproj", "{25BF3EED-73D6-4638-8BC1-1F6241074EDC}"
EndProject
Project("{9A19103F-16F7-4668-BE54-9A1E7A4F7556}") = "POST.CMD.Domain", "src\SM-POST\POST.CMD\POST.CMD.Domain\POST.CMD.Domain.csproj", "{72229F5E-0F2C-4982-9C8A-76C7E2832810}"
EndProject
Project("{9A19103F-16F7-4668-BE54-9A1E7A4F7556}") = "POST.CMD.Infrastructure", "src\SM-POST\POST.CMD\POST.CMD.Infastruction\POST.CMD.Infrastructure.csproj", "{A24070C3-3802-43B9-89E6-E6BB25B3C76C}"
EndProject
Project("{9A19103F-16F7-4668-BE54-9A1E7A4F7556}") = "POST.CMD.Api", "src\SM-POST\POST.CMD\POST.CMD.Api\POST.CMD.Api.csproj", "{C892F978-6832-4729-803A-A7DBF3CE1BA0}"
EndProject
Project("{9A19103F-16F7-4668-BE54-9A1E7A4F7556}") = "POST.QUERY.Domain", "src\SM-POST\POST.QUERY\POST.QUERY.Domain\POST.QUERY.Domain.csproj", "{E7E671D7-AC2C-47DB-A2DC-6F0E67CF24B2}"
EndProject
Project("{9A19103F-16F7-4668-BE54-9A1E7A4F7556}") = "POST.QUERY.Infrastructure", "src\SM-POST\POST.QUERY\POST.QUERY.Infastruction\POST.QUERY.Infrastructure.csproj", "{38787F9E-A1B4-4C30-8E07-B539A09294CF}"
EndProject
Project("{9A19103F-16F7-4668-BE54-9A1E7A4F7556}") = "POST.QUERY.Api", "src\SM-POST\POST.QUERY\POST.QUERY.Api\POST.QUERY.Api.csproj", "{50DB943C-CB1B-40DE-9C91-17289892E122}"
EndProject
Project("{FAE04EC0-301F-11D3-BF4B-00C04F79EFBC}") = "CQRS.Common", "src\CQRS-ES\CQRS.Common\CQRS.Common.csproj", "{511FBF2B-56C9-4F6D-BA56-BF6C640CC535}"
EndProject
Global
	GlobalSection(SolutionConfigurationPlatforms) = preSolution
		Debug|Any CPU = Debug|Any CPU
		Release|Any CPU = Release|Any CPU
	EndGlobalSection
	GlobalSection(ProjectConfigurationPlatforms) = postSolution
		{25BF3EED-73D6-4638-8BC1-1F6241074EDC}.Debug|Any CPU.ActiveCfg = Debug|Any CPU
		{25BF3EED-73D6-4638-8BC1-1F6241074EDC}.Debug|Any CPU.Build.0 = Debug|Any CPU
		{25BF3EED-73D6-4638-8BC1-1F6241074EDC}.Release|Any CPU.ActiveCfg = Release|Any CPU
		{25BF3EED-73D6-4638-8BC1-1F6241074EDC}.Release|Any CPU.Build.0 = Release|Any CPU
		{72229F5E-0F2C-4982-9C8A-76C7E2832810}.Debug|Any CPU.ActiveCfg = Debug|Any CPU
		{72229F5E-0F2C-4982-9C8A-76C7E2832810}.Debug|Any CPU.Build.0 = Debug|Any CPU
		{72229F5E-0F2C-4982-9C8A-76C7E2832810}.Release|Any CPU.ActiveCfg = Release|Any CPU
		{72229F5E-0F2C-4982-9C8A-76C7E2832810}.Release|Any CPU.Build.0 = Release|Any CPU
		{A24070C3-3802-43B9-89E6-E6BB25B3C76C}.Debug|Any CPU.ActiveCfg = Debug|Any CPU
		{A24070C3-3802-43B9-89E6-E6BB25B3C76C}.Debug|Any CPU.Build.0 = Debug|Any CPU
		{A24070C3-3802-43B9-89E6-E6BB25B3C76C}.Release|Any CPU.ActiveCfg = Release|Any CPU
		{A24070C3-3802-43B9-89E6-E6BB25B3C76C}.Release|Any CPU.Build.0 = Release|Any CPU
		{C892F978-6832-4729-803A-A7DBF3CE1BA0}.Debug|Any CPU.ActiveCfg = Debug|Any CPU
		{C892F978-6832-4729-803A-A7DBF3CE1BA0}.Debug|Any CPU.Build.0 = Debug|Any CPU
		{C892F978-6832-4729-803A-A7DBF3CE1BA0}.Release|Any CPU.ActiveCfg = Release|Any CPU
		{C892F978-6832-4729-803A-A7DBF3CE1BA0}.Release|Any CPU.Build.0 = Release|Any CPU
		{E7E671D7-AC2C-47DB-A2DC-6F0E67CF24B2}.Debug|Any CPU.ActiveCfg = Debug|Any CPU
		{E7E671D7-AC2C-47DB-A2DC-6F0E67CF24B2}.Debug|Any CPU.Build.0 = Debug|Any CPU
		{E7E671D7-AC2C-47DB-A2DC-6F0E67CF24B2}.Release|Any CPU.ActiveCfg = Release|Any CPU
		{E7E671D7-AC2C-47DB-A2DC-6F0E67CF24B2}.Release|Any CPU.Build.0 = Release|Any CPU
		{38787F9E-A1B4-4C30-8E07-B539A09294CF}.Debug|Any CPU.ActiveCfg = Debug|Any CPU
		{38787F9E-A1B4-4C30-8E07-B539A09294CF}.Debug|Any CPU.Build.0 = Debug|Any CPU
		{38787F9E-A1B4-4C30-8E07-B539A09294CF}.Release|Any CPU.ActiveCfg = Release|Any CPU
		{38787F9E-A1B4-4C30-8E07-B539A09294CF}.Release|Any CPU.Build.0 = Release|Any CPU
		{50DB943C-CB1B-40DE-9C91-17289892E122}.Debug|Any CPU.ActiveCfg = Debug|Any CPU
		{50DB943C-CB1B-40DE-9C91-17289892E122}.Debug|Any CPU.Build.0 = Debug|Any CPU
		{50DB943C-CB1B-40DE-9C91-17289892E122}.Release|Any CPU.ActiveCfg = Release|Any CPU
		{50DB943C-CB1B-40DE-9C91-17289892E122}.Release|Any CPU.Build.0 = Release|Any CPU
		{511FBF2B-56C9-4F6D-BA56-BF6C640CC535}.Debug|Any CPU.ActiveCfg = Debug|Any CPU
		{511FBF2B-56C9-4F6D-BA56-BF6C640CC535}.Debug|Any CPU.Build.0 = Debug|Any CPU
		{511FBF2B-56C9-4F6D-BA56-BF6C640CC535}.Release|Any CPU.ActiveCfg = Release|Any CPU
		{511FBF2B-56C9-4F6D-BA56-BF6C640CC535}.Release|Any CPU.Build.0 = Release|Any CPU
	EndGlobalSection
	GlobalSection(SolutionProperties) = preSolution
		HideSolutionNode = FALSE
	EndGlobalSection
	GlobalSection(NestedProjects) = preSolution
		{F7B2C4C4-B621-49B9-844F-5F43E54C6276} = {211298F6-CFF3-4150-AA15-309F9DAFAAC4}
		{8179320C-8D89-49F4-A105-FB0656FF4310} = {211298F6-CFF3-4150-AA15-309F9DAFAAC4}
		{9D2FC93A-6A5E-49E3-834B-E81A56080753} = {8179320C-8D89-49F4-A105-FB0656FF4310}
		{E8F6D5EA-7147-4004-A4F1-9251BC559CF1} = {8179320C-8D89-49F4-A105-FB0656FF4310}
		{25BF3EED-73D6-4638-8BC1-1F6241074EDC} = {F7B2C4C4-B621-49B9-844F-5F43E54C6276}
		{72229F5E-0F2C-4982-9C8A-76C7E2832810} = {9D2FC93A-6A5E-49E3-834B-E81A56080753}
		{A24070C3-3802-43B9-89E6-E6BB25B3C76C} = {9D2FC93A-6A5E-49E3-834B-E81A56080753}
		{C892F978-6832-4729-803A-A7DBF3CE1BA0} = {9D2FC93A-6A5E-49E3-834B-E81A56080753}
		{E7E671D7-AC2C-47DB-A2DC-6F0E67CF24B2} = {E8F6D5EA-7147-4004-A4F1-9251BC559CF1}
		{38787F9E-A1B4-4C30-8E07-B539A09294CF} = {E8F6D5EA-7147-4004-A4F1-9251BC559CF1}
		{50DB943C-CB1B-40DE-9C91-17289892E122} = {E8F6D5EA-7147-4004-A4F1-9251BC559CF1}
		{511FBF2B-56C9-4F6D-BA56-BF6C640CC535} = {F7B2C4C4-B621-49B9-844F-5F43E54C6276}
	EndGlobalSection
	GlobalSection(ExtensibilityGlobals) = postSolution
		SolutionGuid = {0C954B03-247D-4E28-8FAD-7C1163670014}
	EndGlobalSection
EndGlobal
